
Microsoft Visual Studio Solution File, Format Version 12.00
# Visual Studio Version 17
VisualStudioVersion = 17.11.35111.106
MinimumVisualStudioVersion = 10.0.40219.1
Project("{FAE04EC0-301F-11D3-BF4B-00C04F79EFBC}") = "TypesAndVariables", "TypesAndVariables\TypesAndVariables.csproj", "{EC435685-3C5E-42CB-84BF-A2FB6D6265B5}"
EndProject
Project("{FAE04EC0-301F-11D3-BF4B-00C04F79EFBC}") = "Conditionals", "Conditionals\Conditionals.csproj", "{0022E4C1-7242-4B6E-9130-DA2DECE91B43}"
EndProject
Project("{FAE04EC0-301F-11D3-BF4B-00C04F79EFBC}") = "Methods", "Methods\Methods.csproj", "{A9865CC8-09BD-42F6-8596-3960CA0A4DBB}"
EndProject
Project("{FAE04EC0-301F-11D3-BF4B-00C04F79EFBC}") = "Arrays", "Arrays\Arrays.csproj", "{F1CD9C61-5DB6-4DB3-BC5B-8515F01D5CF8}"
EndProject
Project("{FAE04EC0-301F-11D3-BF4B-00C04F79EFBC}") = "Loops", "Loops\Loops.csproj", "{DF7C39C7-610A-46FE-BC4A-E8890BA4D1EF}"
EndProject
Project("{FAE04EC0-301F-11D3-BF4B-00C04F79EFBC}") = "Strings", "Strings\Strings.csproj", "{45390F75-3C2A-40B3-9DE7-6BEE08BDE1C9}"
EndProject
Project("{FAE04EC0-301F-11D3-BF4B-00C04F79EFBC}") = "Classes", "Classes\Classes.csproj", "{EBF56AFF-2F17-4F49-A00E-85F57C471952}"
EndProject
Project("{FAE04EC0-301F-11D3-BF4B-00C04F79EFBC}") = "RecapDemo1", "RecapDemo1\RecapDemo1.csproj", "{8E3231B2-4A95-4953-BA7A-6C7377C4B306}"
EndProject
Project("{FAE04EC0-301F-11D3-BF4B-00C04F79EFBC}") = "Interfaces", "Interfaces\Interfaces.csproj", "{C9B989C3-E303-4A68-8E6C-8F038AC7CC40}"
EndProject
Project("{FAE04EC0-301F-11D3-BF4B-00C04F79EFBC}") = "InterfacesDemo", "InterfacesDemo\InterfacesDemo.csproj", "{39391A99-8B53-4E5E-ADD8-18D8DFCB6B80}"
EndProject
Project("{FAE04EC0-301F-11D3-BF4B-00C04F79EFBC}") = "Inheritances", "Inheritances\Inheritances.csproj", "{ACDDE7C4-6987-4594-8A95-3389C66FF2DC}"
EndProject
Project("{FAE04EC0-301F-11D3-BF4B-00C04F79EFBC}") = "VirtualMethods", "VirtualMethods\VirtualMethods.csproj", "{76B5E266-C1ED-4E49-B78D-20DD3206483C}"
EndProject
Project("{FAE04EC0-301F-11D3-BF4B-00C04F79EFBC}") = "AbstractClasses", "AbstractClasses\AbstractClasses.csproj", "{CB0CF197-CADE-406B-A98E-C7D82C276CE7}"
EndProject
Project("{FAE04EC0-301F-11D3-BF4B-00C04F79EFBC}") = "RecapDemo2", "RecapDemo2\RecapDemo2.csproj", "{60275D3C-77ED-4483-950D-535173E90261}"
EndProject
Project("{FAE04EC0-301F-11D3-BF4B-00C04F79EFBC}") = "AccessModifier", "AccessModifier\AccessModifier.csproj", "{2E5C7044-6EC6-4887-A994-933443DACF36}"
EndProject
Project("{FAE04EC0-301F-11D3-BF4B-00C04F79EFBC}") = "Constructors", "Constructors\Constructors.csproj", "{CF191EC8-0A6A-489E-91D8-5626FB52CDE5}"
EndProject
Project("{FAE04EC0-301F-11D3-BF4B-00C04F79EFBC}") = "ReferanceAndValueTypes", "ReferanceAndValueTypes\ReferanceAndValueTypes.csproj", "{42FE0C2E-F4C2-44C0-A7F1-BBCD1ACE077D}"
EndProject
Project("{FAE04EC0-301F-11D3-BF4B-00C04F79EFBC}") = "Collections", "Collections\Collections.csproj", "{90A100BE-5C24-4CE0-89A2-B494CDC036C6}"
EndProject
Project("{FAE04EC0-301F-11D3-BF4B-00C04F79EFBC}") = "Exceptions", "Exceptions\Exceptions.csproj", "{D5B5D2BB-861E-41A8-BDA5-4D1271AB4880}"
EndProject
Global
	GlobalSection(SolutionConfigurationPlatforms) = preSolution
		Debug|Any CPU = Debug|Any CPU
		Release|Any CPU = Release|Any CPU
	EndGlobalSection
	GlobalSection(ProjectConfigurationPlatforms) = postSolution
		{EC435685-3C5E-42CB-84BF-A2FB6D6265B5}.Debug|Any CPU.ActiveCfg = Debug|Any CPU
		{EC435685-3C5E-42CB-84BF-A2FB6D6265B5}.Debug|Any CPU.Build.0 = Debug|Any CPU
		{EC435685-3C5E-42CB-84BF-A2FB6D6265B5}.Release|Any CPU.ActiveCfg = Release|Any CPU
		{EC435685-3C5E-42CB-84BF-A2FB6D6265B5}.Release|Any CPU.Build.0 = Release|Any CPU
		{0022E4C1-7242-4B6E-9130-DA2DECE91B43}.Debug|Any CPU.ActiveCfg = Debug|Any CPU
		{0022E4C1-7242-4B6E-9130-DA2DECE91B43}.Debug|Any CPU.Build.0 = Debug|Any CPU
		{0022E4C1-7242-4B6E-9130-DA2DECE91B43}.Release|Any CPU.ActiveCfg = Release|Any CPU
		{0022E4C1-7242-4B6E-9130-DA2DECE91B43}.Release|Any CPU.Build.0 = Release|Any CPU
		{A9865CC8-09BD-42F6-8596-3960CA0A4DBB}.Debug|Any CPU.ActiveCfg = Debug|Any CPU
		{A9865CC8-09BD-42F6-8596-3960CA0A4DBB}.Debug|Any CPU.Build.0 = Debug|Any CPU
		{A9865CC8-09BD-42F6-8596-3960CA0A4DBB}.Release|Any CPU.ActiveCfg = Release|Any CPU
		{A9865CC8-09BD-42F6-8596-3960CA0A4DBB}.Release|Any CPU.Build.0 = Release|Any CPU
		{F1CD9C61-5DB6-4DB3-BC5B-8515F01D5CF8}.Debug|Any CPU.ActiveCfg = Debug|Any CPU
		{F1CD9C61-5DB6-4DB3-BC5B-8515F01D5CF8}.Debug|Any CPU.Build.0 = Debug|Any CPU
		{F1CD9C61-5DB6-4DB3-BC5B-8515F01D5CF8}.Release|Any CPU.ActiveCfg = Release|Any CPU
		{F1CD9C61-5DB6-4DB3-BC5B-8515F01D5CF8}.Release|Any CPU.Build.0 = Release|Any CPU
		{DF7C39C7-610A-46FE-BC4A-E8890BA4D1EF}.Debug|Any CPU.ActiveCfg = Debug|Any CPU
		{DF7C39C7-610A-46FE-BC4A-E8890BA4D1EF}.Debug|Any CPU.Build.0 = Debug|Any CPU
		{DF7C39C7-610A-46FE-BC4A-E8890BA4D1EF}.Release|Any CPU.ActiveCfg = Release|Any CPU
		{DF7C39C7-610A-46FE-BC4A-E8890BA4D1EF}.Release|Any CPU.Build.0 = Release|Any CPU
		{45390F75-3C2A-40B3-9DE7-6BEE08BDE1C9}.Debug|Any CPU.ActiveCfg = Debug|Any CPU
		{45390F75-3C2A-40B3-9DE7-6BEE08BDE1C9}.Debug|Any CPU.Build.0 = Debug|Any CPU
		{45390F75-3C2A-40B3-9DE7-6BEE08BDE1C9}.Release|Any CPU.ActiveCfg = Release|Any CPU
		{45390F75-3C2A-40B3-9DE7-6BEE08BDE1C9}.Release|Any CPU.Build.0 = Release|Any CPU
		{EBF56AFF-2F17-4F49-A00E-85F57C471952}.Debug|Any CPU.ActiveCfg = Debug|Any CPU
		{EBF56AFF-2F17-4F49-A00E-85F57C471952}.Debug|Any CPU.Build.0 = Debug|Any CPU
		{EBF56AFF-2F17-4F49-A00E-85F57C471952}.Release|Any CPU.ActiveCfg = Release|Any CPU
		{EBF56AFF-2F17-4F49-A00E-85F57C471952}.Release|Any CPU.Build.0 = Release|Any CPU
		{8E3231B2-4A95-4953-BA7A-6C7377C4B306}.Debug|Any CPU.ActiveCfg = Debug|Any CPU
		{8E3231B2-4A95-4953-BA7A-6C7377C4B306}.Debug|Any CPU.Build.0 = Debug|Any CPU
		{8E3231B2-4A95-4953-BA7A-6C7377C4B306}.Release|Any CPU.ActiveCfg = Release|Any CPU
		{8E3231B2-4A95-4953-BA7A-6C7377C4B306}.Release|Any CPU.Build.0 = Release|Any CPU
		{C9B989C3-E303-4A68-8E6C-8F038AC7CC40}.Debug|Any CPU.ActiveCfg = Debug|Any CPU
		{C9B989C3-E303-4A68-8E6C-8F038AC7CC40}.Debug|Any CPU.Build.0 = Debug|Any CPU
		{C9B989C3-E303-4A68-8E6C-8F038AC7CC40}.Release|Any CPU.ActiveCfg = Release|Any CPU
		{C9B989C3-E303-4A68-8E6C-8F038AC7CC40}.Release|Any CPU.Build.0 = Release|Any CPU
		{39391A99-8B53-4E5E-ADD8-18D8DFCB6B80}.Debug|Any CPU.ActiveCfg = Debug|Any CPU
		{39391A99-8B53-4E5E-ADD8-18D8DFCB6B80}.Debug|Any CPU.Build.0 = Debug|Any CPU
		{39391A99-8B53-4E5E-ADD8-18D8DFCB6B80}.Release|Any CPU.ActiveCfg = Release|Any CPU
		{39391A99-8B53-4E5E-ADD8-18D8DFCB6B80}.Release|Any CPU.Build.0 = Release|Any CPU
		{ACDDE7C4-6987-4594-8A95-3389C66FF2DC}.Debug|Any CPU.ActiveCfg = Debug|Any CPU
		{ACDDE7C4-6987-4594-8A95-3389C66FF2DC}.Debug|Any CPU.Build.0 = Debug|Any CPU
		{ACDDE7C4-6987-4594-8A95-3389C66FF2DC}.Release|Any CPU.ActiveCfg = Release|Any CPU
		{ACDDE7C4-6987-4594-8A95-3389C66FF2DC}.Release|Any CPU.Build.0 = Release|Any CPU
		{76B5E266-C1ED-4E49-B78D-20DD3206483C}.Debug|Any CPU.ActiveCfg = Debug|Any CPU
		{76B5E266-C1ED-4E49-B78D-20DD3206483C}.Debug|Any CPU.Build.0 = Debug|Any CPU
		{76B5E266-C1ED-4E49-B78D-20DD3206483C}.Release|Any CPU.ActiveCfg = Release|Any CPU
		{76B5E266-C1ED-4E49-B78D-20DD3206483C}.Release|Any CPU.Build.0 = Release|Any CPU
		{CB0CF197-CADE-406B-A98E-C7D82C276CE7}.Debug|Any CPU.ActiveCfg = Debug|Any CPU
		{CB0CF197-CADE-406B-A98E-C7D82C276CE7}.Debug|Any CPU.Build.0 = Debug|Any CPU
		{CB0CF197-CADE-406B-A98E-C7D82C276CE7}.Release|Any CPU.ActiveCfg = Release|Any CPU
		{CB0CF197-CADE-406B-A98E-C7D82C276CE7}.Release|Any CPU.Build.0 = Release|Any CPU
		{60275D3C-77ED-4483-950D-535173E90261}.Debug|Any CPU.ActiveCfg = Debug|Any CPU
		{60275D3C-77ED-4483-950D-535173E90261}.Debug|Any CPU.Build.0 = Debug|Any CPU
		{60275D3C-77ED-4483-950D-535173E90261}.Release|Any CPU.ActiveCfg = Release|Any CPU
		{60275D3C-77ED-4483-950D-535173E90261}.Release|Any CPU.Build.0 = Release|Any CPU
		{2E5C7044-6EC6-4887-A994-933443DACF36}.Debug|Any CPU.ActiveCfg = Debug|Any CPU
		{2E5C7044-6EC6-4887-A994-933443DACF36}.Debug|Any CPU.Build.0 = Debug|Any CPU
		{2E5C7044-6EC6-4887-A994-933443DACF36}.Release|Any CPU.ActiveCfg = Release|Any CPU
		{2E5C7044-6EC6-4887-A994-933443DACF36}.Release|Any CPU.Build.0 = Release|Any CPU
		{CF191EC8-0A6A-489E-91D8-5626FB52CDE5}.Debug|Any CPU.ActiveCfg = Debug|Any CPU
		{CF191EC8-0A6A-489E-91D8-5626FB52CDE5}.Debug|Any CPU.Build.0 = Debug|Any CPU
		{CF191EC8-0A6A-489E-91D8-5626FB52CDE5}.Release|Any CPU.ActiveCfg = Release|Any CPU
		{CF191EC8-0A6A-489E-91D8-5626FB52CDE5}.Release|Any CPU.Build.0 = Release|Any CPU
		{42FE0C2E-F4C2-44C0-A7F1-BBCD1ACE077D}.Debug|Any CPU.ActiveCfg = Debug|Any CPU
		{42FE0C2E-F4C2-44C0-A7F1-BBCD1ACE077D}.Debug|Any CPU.Build.0 = Debug|Any CPU
		{42FE0C2E-F4C2-44C0-A7F1-BBCD1ACE077D}.Release|Any CPU.ActiveCfg = Release|Any CPU
		{42FE0C2E-F4C2-44C0-A7F1-BBCD1ACE077D}.Release|Any CPU.Build.0 = Release|Any CPU
		{90A100BE-5C24-4CE0-89A2-B494CDC036C6}.Debug|Any CPU.ActiveCfg = Debug|Any CPU
		{90A100BE-5C24-4CE0-89A2-B494CDC036C6}.Debug|Any CPU.Build.0 = Debug|Any CPU
		{90A100BE-5C24-4CE0-89A2-B494CDC036C6}.Release|Any CPU.ActiveCfg = Release|Any CPU
		{90A100BE-5C24-4CE0-89A2-B494CDC036C6}.Release|Any CPU.Build.0 = Release|Any CPU
		{D5B5D2BB-861E-41A8-BDA5-4D1271AB4880}.Debug|Any CPU.ActiveCfg = Debug|Any CPU
		{D5B5D2BB-861E-41A8-BDA5-4D1271AB4880}.Debug|Any CPU.Build.0 = Debug|Any CPU
		{D5B5D2BB-861E-41A8-BDA5-4D1271AB4880}.Release|Any CPU.ActiveCfg = Release|Any CPU
		{D5B5D2BB-861E-41A8-BDA5-4D1271AB4880}.Release|Any CPU.Build.0 = Release|Any CPU
	EndGlobalSection
	GlobalSection(SolutionProperties) = preSolution
		HideSolutionNode = FALSE
	EndGlobalSection
	GlobalSection(ExtensibilityGlobals) = postSolution
		SolutionGuid = {023A26D5-CA60-4EA1-910C-E21F0D9D67AE}
	EndGlobalSection
EndGlobal
