
Microsoft Visual Studio Solution File, Format Version 12.00
# Visual Studio Version 17
VisualStudioVersion = 17.11.35111.106
MinimumVisualStudioVersion = 10.0.40219.1
Project("{FAE04EC0-301F-11D3-BF4B-00C04F79EFBC}") = "TypesAndVariables", "TypesAndVariables\TypesAndVariables.csproj", "{EC435685-3C5E-42CB-84BF-A2FB6D6265B5}"
EndProject
Global
	GlobalSection(SolutionConfigurationPlatforms) = preSolution
		Debug|Any CPU = Debug|Any CPU
		Release|Any CPU = Release|Any CPU
	EndGlobalSection
	GlobalSection(ProjectConfigurationPlatforms) = postSolution
		{EC435685-3C5E-42CB-84BF-A2FB6D6265B5}.Debug|Any CPU.ActiveCfg = Debug|Any CPU
		{EC435685-3C5E-42CB-84BF-A2FB6D6265B5}.Debug|Any CPU.Build.0 = Debug|Any CPU
		{EC435685-3C5E-42CB-84BF-A2FB6D6265B5}.Release|Any CPU.ActiveCfg = Release|Any CPU
		{EC435685-3C5E-42CB-84BF-A2FB6D6265B5}.Release|Any CPU.Build.0 = Release|Any CPU
	EndGlobalSection
	GlobalSection(SolutionProperties) = preSolution
		HideSolutionNode = FALSE
	EndGlobalSection
	GlobalSection(ExtensibilityGlobals) = postSolution
		SolutionGuid = {023A26D5-CA60-4EA1-910C-E21F0D9D67AE}
	EndGlobalSection
EndGlobal
