
Microsoft Visual Studio Solution File, Format Version 12.00
# Visual Studio Version 17
VisualStudioVersion = 17.11.35111.106
MinimumVisualStudioVersion = 10.0.40219.1
Project("{FAE04EC0-301F-11D3-BF4B-00C04F79EFBC}") = "TypesAndVariables", "TypesAndVariables\TypesAndVariables.csproj", "{EC435685-3C5E-42CB-84BF-A2FB6D6265B5}"
EndProject
Project("{FAE04EC0-301F-11D3-BF4B-00C04F79EFBC}") = "Conditionals", "Conditionals\Conditionals.csproj", "{0022E4C1-7242-4B6E-9130-DA2DECE91B43}"
EndProject
Project("{FAE04EC0-301F-11D3-BF4B-00C04F79EFBC}") = "Methods", "Methods\Methods.csproj", "{A9865CC8-09BD-42F6-8596-3960CA0A4DBB}"
EndProject
Project("{FAE04EC0-301F-11D3-BF4B-00C04F79EFBC}") = "Arrays", "Arrays\Arrays.csproj", "{F1CD9C61-5DB6-4DB3-BC5B-8515F01D5CF8}"
EndProject
Project("{FAE04EC0-301F-11D3-BF4B-00C04F79EFBC}") = "Loops", "Loops\Loops.csproj", "{DF7C39C7-610A-46FE-BC4A-E8890BA4D1EF}"
EndProject
Project("{FAE04EC0-301F-11D3-BF4B-00C04F79EFBC}") = "Strings", "Strings\Strings.csproj", "{45390F75-3C2A-40B3-9DE7-6BEE08BDE1C9}"
EndProject
Project("{FAE04EC0-301F-11D3-BF4B-00C04F79EFBC}") = "Classes", "Classes\Classes.csproj", "{EBF56AFF-2F17-4F49-A00E-85F57C471952}"
EndProject
Project("{FAE04EC0-301F-11D3-BF4B-00C04F79EFBC}") = "RecapDemo1", "RecapDemo1\RecapDemo1.csproj", "{8E3231B2-4A95-4953-BA7A-6C7377C4B306}"
EndProject
Global
	GlobalSection(SolutionConfigurationPlatforms) = preSolution
		Debug|Any CPU = Debug|Any CPU
		Release|Any CPU = Release|Any CPU
	EndGlobalSection
	GlobalSection(ProjectConfigurationPlatforms) = postSolution
		{EC435685-3C5E-42CB-84BF-A2FB6D6265B5}.Debug|Any CPU.ActiveCfg = Debug|Any CPU
		{EC435685-3C5E-42CB-84BF-A2FB6D6265B5}.Debug|Any CPU.Build.0 = Debug|Any CPU
		{EC435685-3C5E-42CB-84BF-A2FB6D6265B5}.Release|Any CPU.ActiveCfg = Release|Any CPU
		{EC435685-3C5E-42CB-84BF-A2FB6D6265B5}.Release|Any CPU.Build.0 = Release|Any CPU
		{0022E4C1-7242-4B6E-9130-DA2DECE91B43}.Debug|Any CPU.ActiveCfg = Debug|Any CPU
		{0022E4C1-7242-4B6E-9130-DA2DECE91B43}.Debug|Any CPU.Build.0 = Debug|Any CPU
		{0022E4C1-7242-4B6E-9130-DA2DECE91B43}.Release|Any CPU.ActiveCfg = Release|Any CPU
		{0022E4C1-7242-4B6E-9130-DA2DECE91B43}.Release|Any CPU.Build.0 = Release|Any CPU
		{A9865CC8-09BD-42F6-8596-3960CA0A4DBB}.Debug|Any CPU.ActiveCfg = Debug|Any CPU
		{A9865CC8-09BD-42F6-8596-3960CA0A4DBB}.Debug|Any CPU.Build.0 = Debug|Any CPU
		{A9865CC8-09BD-42F6-8596-3960CA0A4DBB}.Release|Any CPU.ActiveCfg = Release|Any CPU
		{A9865CC8-09BD-42F6-8596-3960CA0A4DBB}.Release|Any CPU.Build.0 = Release|Any CPU
		{F1CD9C61-5DB6-4DB3-BC5B-8515F01D5CF8}.Debug|Any CPU.ActiveCfg = Debug|Any CPU
		{F1CD9C61-5DB6-4DB3-BC5B-8515F01D5CF8}.Debug|Any CPU.Build.0 = Debug|Any CPU
		{F1CD9C61-5DB6-4DB3-BC5B-8515F01D5CF8}.Release|Any CPU.ActiveCfg = Release|Any CPU
		{F1CD9C61-5DB6-4DB3-BC5B-8515F01D5CF8}.Release|Any CPU.Build.0 = Release|Any CPU
		{DF7C39C7-610A-46FE-BC4A-E8890BA4D1EF}.Debug|Any CPU.ActiveCfg = Debug|Any CPU
		{DF7C39C7-610A-46FE-BC4A-E8890BA4D1EF}.Debug|Any CPU.Build.0 = Debug|Any CPU
		{DF7C39C7-610A-46FE-BC4A-E8890BA4D1EF}.Release|Any CPU.ActiveCfg = Release|Any CPU
		{DF7C39C7-610A-46FE-BC4A-E8890BA4D1EF}.Release|Any CPU.Build.0 = Release|Any CPU
		{45390F75-3C2A-40B3-9DE7-6BEE08BDE1C9}.Debug|Any CPU.ActiveCfg = Debug|Any CPU
		{45390F75-3C2A-40B3-9DE7-6BEE08BDE1C9}.Debug|Any CPU.Build.0 = Debug|Any CPU
		{45390F75-3C2A-40B3-9DE7-6BEE08BDE1C9}.Release|Any CPU.ActiveCfg = Release|Any CPU
		{45390F75-3C2A-40B3-9DE7-6BEE08BDE1C9}.Release|Any CPU.Build.0 = Release|Any CPU
		{EBF56AFF-2F17-4F49-A00E-85F57C471952}.Debug|Any CPU.ActiveCfg = Debug|Any CPU
		{EBF56AFF-2F17-4F49-A00E-85F57C471952}.Debug|Any CPU.Build.0 = Debug|Any CPU
		{EBF56AFF-2F17-4F49-A00E-85F57C471952}.Release|Any CPU.ActiveCfg = Release|Any CPU
		{EBF56AFF-2F17-4F49-A00E-85F57C471952}.Release|Any CPU.Build.0 = Release|Any CPU
		{8E3231B2-4A95-4953-BA7A-6C7377C4B306}.Debug|Any CPU.ActiveCfg = Debug|Any CPU
		{8E3231B2-4A95-4953-BA7A-6C7377C4B306}.Debug|Any CPU.Build.0 = Debug|Any CPU
		{8E3231B2-4A95-4953-BA7A-6C7377C4B306}.Release|Any CPU.ActiveCfg = Release|Any CPU
		{8E3231B2-4A95-4953-BA7A-6C7377C4B306}.Release|Any CPU.Build.0 = Release|Any CPU
	EndGlobalSection
	GlobalSection(SolutionProperties) = preSolution
		HideSolutionNode = FALSE
	EndGlobalSection
	GlobalSection(ExtensibilityGlobals) = postSolution
		SolutionGuid = {023A26D5-CA60-4EA1-910C-E21F0D9D67AE}
	EndGlobalSection
EndGlobal
